
Microsoft Visual Studio Solution File, Format Version 12.00
# Visual Studio Version 16
VisualStudioVersion = 16.0.31624.102
MinimumVisualStudioVersion = 10.0.40219.1
Project("{FAE04EC0-301F-11D3-BF4B-00C04F79EFBC}") = "EmployeeWageOOPS", "EmployeeWageOOPS\EmployeeWageOOPS.csproj", "{5E481AD2-8662-4DB8-B946-27630BFA108F}"
EndProject
Global
	GlobalSection(SolutionConfigurationPlatforms) = preSolution
		Debug|Any CPU = Debug|Any CPU
		Release|Any CPU = Release|Any CPU
	EndGlobalSection
	GlobalSection(ProjectConfigurationPlatforms) = postSolution
		{5E481AD2-8662-4DB8-B946-27630BFA108F}.Debug|Any CPU.ActiveCfg = Debug|Any CPU
		{5E481AD2-8662-4DB8-B946-27630BFA108F}.Debug|Any CPU.Build.0 = Debug|Any CPU
		{5E481AD2-8662-4DB8-B946-27630BFA108F}.Release|Any CPU.ActiveCfg = Release|Any CPU
		{5E481AD2-8662-4DB8-B946-27630BFA108F}.Release|Any CPU.Build.0 = Release|Any CPU
	EndGlobalSection
	GlobalSection(SolutionProperties) = preSolution
		HideSolutionNode = FALSE
	EndGlobalSection
	GlobalSection(ExtensibilityGlobals) = postSolution
		SolutionGuid = {4FC26372-BC38-40AF-8B35-829E486D8482}
	EndGlobalSection
EndGlobal
